
Microsoft Visual Studio Solution File, Format Version 12.00
# Visual Studio 15
VisualStudioVersion = 15.0.28307.438
MinimumVisualStudioVersion = 10.0.40219.1
Project("{FAE04EC0-301F-11D3-BF4B-00C04F79EFBC}") = "SugarsqlTest", "SugarsqlTest\SugarsqlTest.csproj", "{AF073F79-B564-478B-BA2F-988768E4DA2F}"
EndProject
Project("{FAE04EC0-301F-11D3-BF4B-00C04F79EFBC}") = "BLL", "BLL\BLL.csproj", "{DE35751D-27DB-48D8-94E1-30E9CB38732D}"
EndProject
Project("{FAE04EC0-301F-11D3-BF4B-00C04F79EFBC}") = "DAL", "DAL\DAL.csproj", "{1A244C8B-BEC0-4A19-9978-E41580379F5C}"
EndProject
Project("{FAE04EC0-301F-11D3-BF4B-00C04F79EFBC}") = "Model", "Model\Model.csproj", "{F7F16588-4444-4C55-8EA5-7CF6BECE8EA0}"
EndProject
Global
	GlobalSection(SolutionConfigurationPlatforms) = preSolution
		Debug|Any CPU = Debug|Any CPU
		Release|Any CPU = Release|Any CPU
	EndGlobalSection
	GlobalSection(ProjectConfigurationPlatforms) = postSolution
		{AF073F79-B564-478B-BA2F-988768E4DA2F}.Debug|Any CPU.ActiveCfg = Debug|Any CPU
		{AF073F79-B564-478B-BA2F-988768E4DA2F}.Debug|Any CPU.Build.0 = Debug|Any CPU
		{AF073F79-B564-478B-BA2F-988768E4DA2F}.Release|Any CPU.ActiveCfg = Release|Any CPU
		{AF073F79-B564-478B-BA2F-988768E4DA2F}.Release|Any CPU.Build.0 = Release|Any CPU
		{DE35751D-27DB-48D8-94E1-30E9CB38732D}.Debug|Any CPU.ActiveCfg = Debug|Any CPU
		{DE35751D-27DB-48D8-94E1-30E9CB38732D}.Debug|Any CPU.Build.0 = Debug|Any CPU
		{DE35751D-27DB-48D8-94E1-30E9CB38732D}.Release|Any CPU.ActiveCfg = Release|Any CPU
		{DE35751D-27DB-48D8-94E1-30E9CB38732D}.Release|Any CPU.Build.0 = Release|Any CPU
		{1A244C8B-BEC0-4A19-9978-E41580379F5C}.Debug|Any CPU.ActiveCfg = Debug|Any CPU
		{1A244C8B-BEC0-4A19-9978-E41580379F5C}.Debug|Any CPU.Build.0 = Debug|Any CPU
		{1A244C8B-BEC0-4A19-9978-E41580379F5C}.Release|Any CPU.ActiveCfg = Release|Any CPU
		{1A244C8B-BEC0-4A19-9978-E41580379F5C}.Release|Any CPU.Build.0 = Release|Any CPU
		{F7F16588-4444-4C55-8EA5-7CF6BECE8EA0}.Debug|Any CPU.ActiveCfg = Debug|Any CPU
		{F7F16588-4444-4C55-8EA5-7CF6BECE8EA0}.Debug|Any CPU.Build.0 = Debug|Any CPU
		{F7F16588-4444-4C55-8EA5-7CF6BECE8EA0}.Release|Any CPU.ActiveCfg = Release|Any CPU
		{F7F16588-4444-4C55-8EA5-7CF6BECE8EA0}.Release|Any CPU.Build.0 = Release|Any CPU
	EndGlobalSection
	GlobalSection(SolutionProperties) = preSolution
		HideSolutionNode = FALSE
	EndGlobalSection
	GlobalSection(ExtensibilityGlobals) = postSolution
		SolutionGuid = {EF83E0CA-C95F-4DBF-98DC-FC75D92895A9}
	EndGlobalSection
EndGlobal
